
Microsoft Visual Studio Solution File, Format Version 12.00
# Visual Studio Version 17
VisualStudioVersion = 17.9.34902.65
MinimumVisualStudioVersion = 10.0.40219.1
Project("{FAE04EC0-301F-11D3-BF4B-00C04F79EFBC}") = "Backend", "Backend\Backend.csproj", "{5677F24A-A834-4F06-A4A5-C07EB0FDEC21}"
EndProject
Global
	GlobalSection(SolutionConfigurationPlatforms) = preSolution
		Debug|Any CPU = Debug|Any CPU
		Release|Any CPU = Release|Any CPU
	EndGlobalSection
	GlobalSection(ProjectConfigurationPlatforms) = postSolution
		{5677F24A-A834-4F06-A4A5-C07EB0FDEC21}.Debug|Any CPU.ActiveCfg = Debug|Any CPU
		{5677F24A-A834-4F06-A4A5-C07EB0FDEC21}.Debug|Any CPU.Build.0 = Debug|Any CPU
		{5677F24A-A834-4F06-A4A5-C07EB0FDEC21}.Release|Any CPU.ActiveCfg = Release|Any CPU
		{5677F24A-A834-4F06-A4A5-C07EB0FDEC21}.Release|Any CPU.Build.0 = Release|Any CPU
	EndGlobalSection
	GlobalSection(SolutionProperties) = preSolution
		HideSolutionNode = FALSE
	EndGlobalSection
	GlobalSection(ExtensibilityGlobals) = postSolution
		SolutionGuid = {6A05E156-1B1D-4C14-BFFD-140BA87ADB89}
	EndGlobalSection
EndGlobal
